
Microsoft Visual Studio Solution File, Format Version 12.00
# Visual Studio 15
VisualStudioVersion = 15.0.28307.757
MinimumVisualStudioVersion = 10.0.40219.1
Project("{FAE04EC0-301F-11D3-BF4B-00C04F79EFBC}") = "VideoBuddy", "VideoBuddy\VideoBuddy.csproj", "{09A4B3A5-6CD3-4BC8-B296-575075BB69B0}"
EndProject
Global
	GlobalSection(SolutionConfigurationPlatforms) = preSolution
		Debug|Any CPU = Debug|Any CPU
		Release|Any CPU = Release|Any CPU
	EndGlobalSection
	GlobalSection(ProjectConfigurationPlatforms) = postSolution
		{09A4B3A5-6CD3-4BC8-B296-575075BB69B0}.Debug|Any CPU.ActiveCfg = Debug|Any CPU
		{09A4B3A5-6CD3-4BC8-B296-575075BB69B0}.Debug|Any CPU.Build.0 = Debug|Any CPU
		{09A4B3A5-6CD3-4BC8-B296-575075BB69B0}.Release|Any CPU.ActiveCfg = Release|Any CPU
		{09A4B3A5-6CD3-4BC8-B296-575075BB69B0}.Release|Any CPU.Build.0 = Release|Any CPU
	EndGlobalSection
	GlobalSection(SolutionProperties) = preSolution
		HideSolutionNode = FALSE
	EndGlobalSection
	GlobalSection(ExtensibilityGlobals) = postSolution
		SolutionGuid = {D66263EE-422D-417B-A637-912D80250738}
	EndGlobalSection
EndGlobal
